github.com/ikawaha/kagome-dict v1.0.2 h1:RlrQcNm7AcgBrzBcZC+1sniAWxmOECdeJHpJ5G1XFlU=
github.com/ikawaha/kagome-dict v1.0.2/go.mod h1:JCwHr4WOrGRsC2cJU3751mJvL1hIAAZVeIrkl8n3jkk=
github.com/ikawaha/kagome-dict/ipa v1.0.2 h1:vBT1bXZbJpf1Ogw07GDlJmKQ5JyexeeIUJ5DkqcMNwo=
github.com/ikawaha/kagome-dict/ipa v1.0.2/go.mod h1:CmdUPFC1ISLK+ycFo8J6jYFVngDMuXhWtcdz39jni3A=
github.com/ikawaha/kagome-dict/uni v1.1.1/go.mod h1:iipUtdM9UhHIfaY7Hq1ITLVix5OBZf/FgxMYZpGe5fg=
github.com/ikawaha/kagome/v2 v2.4.4 h1:DAJDbjz6D5BtekIsow6laVRQ9y74CPKgNInR1l+q9B0=
github.com/ikawaha/kagome/v2 v2.4.4/go.mod h1:4yR0rtgtJwfOZsnxXx87R4i8An11v4Mj+V6dTcJmwr4=
github.com/irfansharif/cfilter v0.1.1 h1:jUBtJeleLcwXw+96rzfq6D9zNzO3Lbrt81YDF5lMM/o=
github.com/irfansharif/cfilter v0.1.1/go.mod h1:lev72lI5FgjU6ayV2obe0SxeiVJ20TTi9TKmkdPW3h8=
golang.org/x/sync v0.0.0-20201207232520-09787c993a3a h1:DcqTD9SDLc+1P/r1EmRBwnVsrOwW+kk2vWf9n+1sGhs=
golang.org/x/sync v0.0.0-20201207232520-09787c993a3a/go.mod h1:RxMgew5VJxzue5/jJTE5uejpjVlOe/izrB70Jof72aM=
golang.org/x/text v0.3.4/go.mod h1:5Zoc/QRtKVWzQhOtBMvqHzDpF6irO9z98xDceosuGiQ=
golang.org/x/text v0.3.5 h1:i6eZZ+zk0SOf0xgBpEpPD18qWcJda6q1sxt3S0kzyUQ=
golang.org/x/text v0.3.5/go.mod h1:5Zoc/QRtKVWzQhOtBMvqHzDpF6irO9z98xDceosuGiQ=
golang.org/x/tools v0.0.0-20180917221912-90fa682c2a6e/go.mod h1:n7NCudcB/nEzxVGmLbDWY5pfWTLqBcC2KZ6jyYvM4mQ=
