# This file is autogenerated, do not edit; changes may be undone by the next 'dep ensure'.


[[projects]]
  name = "github.com/davecgh/go-spew"
  packages = ["spew"]
  revision = "346938d642f2ec3594ed81d874461961cd0faa76"
  version = "v1.1.0"

[[projects]]
  branch = "master"
  name = "github.com/ikawaha/kagome.ipadic"
  packages = ["internal/da","internal/dic","internal/dic/data","internal/lattice","tokenizer"]
  revision = "23eb09ba7f7fcb3c161f30658c3e0756f9180b46"

[[projects]]
  name = "github.com/pmezard/go-difflib"
  packages = ["difflib"]
  revision = "792786c7400a136282c1664665ae0a8db921c6c2"
  version = "v1.0.0"

[[projects]]
  branch = "master"
  name = "github.com/spaolacci/murmur3"
  packages = ["."]
  revision = "0d12bf811670bf6a1a63828dfbd003eded177fce"

[[projects]]
  branch = "master"
  name = "github.com/stretchr/objx"
  packages = ["."]
  revision = "1a9d0bb9f541897e62256577b352fdbc1fb4fd94"

[[projects]]
  name = "github.com/stretchr/testify"
  packages = ["assert","mock"]
  revision = "69483b4bd14f5845b5a1e55bca19e954e827f1d0"
  version = "v1.1.4"

[[projects]]
  name = "github.com/willf/bitset"
  packages = ["."]
  revision = "988f4f24992fc745de53c42df0da6581e42a6686"
  version = "v1.1.2"

[[projects]]
  name = "github.com/willf/bloom"
  packages = ["."]
  revision = "54e3b963ee1652b06c4562cb9b6020ebc6e36e59"
  version = "v2.0.3"

[[projects]]
  branch = "master"
  name = "golang.org/x/net"
  packages = ["context"]
  revision = "ab5485076ff3407ad2d02db054635913f017b0ed"

[[projects]]
  branch = "master"
  name = "golang.org/x/sync"
  packages = ["errgroup"]
  revision = "f52d1811a62927559de87708c8913c1650ce4f26"

[[projects]]
  branch = "master"
  name = "golang.org/x/text"
  packages = ["internal/gen","internal/triegen","internal/ucd","transform","unicode/cldr","unicode/norm"]
  revision = "836efe42bb4aa16aaa17b9c155d8813d336ed720"

[solve-meta]
  analyzer-name = "dep"
  analyzer-version = 1
  inputs-digest = "54aeeb282b3ca844b76e9d677507a0c88f9ced0dcaab25cd0990eb50033eacee"
  solver-name = "gps-cdcl"
  solver-version = 1
